{
  "object": {
    "pins": [
      {
        "package": "AvailableHapticFeedback",
        "repositoryURL": "https://github.com/yonat/AvailableHapticFeedback",
        "state": {
          "branch": null,
          "revision": "9b2e0d85b532333bcb026b850052575852659d18",
          "version": "1.0.4"
        }
      },
      {
        "package": "SweeterSwift",
        "repositoryURL": "https://github.com/yonat/SweeterSwift",
        "state": {
          "branch": null,
          "revision": "aff918fc4e8cba40c51b1df99766594e3acc4eb1",
          "version": "1.2.3"
        }
      }
    ]
  },
  "version": 1
}
